<?xml version="1.0" encoding="utf-8"?>
<Project ToolsVersion="4.0" xmlns="http://schemas.microsoft.com/developer/msbuild/2003">
  <ItemGroup>
    <Filter Include="Files">
      <UniqueIdentifier>{4FC737F1-C7A5-4376-A066-2A32D752A2FF}</UniqueIdentifier>
      <Extensions>cpp;c;cc;cxx;c++;cppm;ixx;def;odl;idl;hpj;bat;asm;asmx</Extensions>
    </Filter>
    <Filter Include="Files\includes">
      <UniqueIdentifier>{35456e86-c600-405b-a8fc-ea50f6f8984b}</UniqueIdentifier>
    </Filter>
    <Filter Include="Files\src">
      <UniqueIdentifier>{a4875276-5ca0-42a8-98ce-7a25620f9b23}</UniqueIdentifier>
    </Filter>
    <Filter Include="Files\includes\components">
      <UniqueIdentifier>{79adc495-fcb7-441c-8d61-faf514c81f7b}</UniqueIdentifier>
    </Filter>
    <Filter Include="Files\src\components">
      <UniqueIdentifier>{e1faf03c-a265-46c6-8dc2-ff1299ff493b}</UniqueIdentifier>
    </Filter>
    <Filter Include="Files\assets">
      <UniqueIdentifier>{3c9f027a-1e86-4e5a-84cc-3eec3a4b379d}</UniqueIdentifier>
    </Filter>
  </ItemGroup>
  <ItemGroup>
    <ClInclude Include="include/component/base_component.h" />
    <ClInclude Include="include/callbacks.h" />
    <ClInclude Include="include/extra_math.h" />
    <ClInclude Include="include/GameObject.h" />
    <ClInclude Include="include/idh.h" />
    <ClInclude Include="include/main.h" />
    <ClInclude Include="include/r_window.h" />
    <ClInclude Include="include/stb_image.h" />
    <ClInclude Include="include/component/Transform.h" />
    <ClInclude Include="include/util.h" />
    <ClInclude Include="include\component\Camera.h" />
    <ClInclude Include="include\component\Renderer.h" />
    <ClInclude Include="include\world_container.h" />
  </ItemGroup>
  <ItemGroup>
    <ClCompile Include="src/component/base_component.cpp">
      <Filter>Files</Filter>
    </ClCompile>
    <ClCompile Include="src/callbacks.cpp">
      <Filter>Files</Filter>
    </ClCompile>
    <ClCompile Include="src/GameObject.cpp">
      <Filter>Files</Filter>
    </ClCompile>
    <ClCompile Include="src/idh.cpp">
      <Filter>Files</Filter>
    </ClCompile>
    <ClCompile Include="src/main.cpp">
      <Filter>Files</Filter>
    </ClCompile>
    <ClCompile Include="src/r_window.cpp">
      <Filter>Files</Filter>
    </ClCompile>
    <ClCompile Include="src/component/Transform.cpp">
      <Filter>Files</Filter>
    </ClCompile>
    <ClCompile Include="src/util.cpp">
      <Filter>Files</Filter>
    </ClCompile>
    <ClCompile Include="src\component\Camera.cpp">
      <Filter>Files</Filter>
    </ClCompile>
    <ClCompile Include="src\component\Renderer.cpp">
      <Filter>Files</Filter>
    </ClCompile>
    <ClCompile Include="src\world_container.cpp">
      <Filter>Files</Filter>
    </ClCompile>
  </ItemGroup>
</Project>