<?xml version="1.0" encoding="utf-8"?>
<Project ToolsVersion="4.0" xmlns="http://schemas.microsoft.com/developer/msbuild/2003">
  <ItemGroup>
    <Filter Include="Files">
      <UniqueIdentifier>{4FC737F1-C7A5-4376-A066-2A32D752A2FF}</UniqueIdentifier>
      <Extensions>cpp;c;cc;cxx;c++;cppm;ixx;def;odl;idl;hpj;bat;asm;asmx</Extensions>
    </Filter>
    <Filter Include="Files\includes">
      <UniqueIdentifier>{35456e86-c600-405b-a8fc-ea50f6f8984b}</UniqueIdentifier>
    </Filter>
    <Filter Include="Files\src">
      <UniqueIdentifier>{a4875276-5ca0-42a8-98ce-7a25620f9b23}</UniqueIdentifier>
    </Filter>
    <Filter Include="Files\includes\GameObject">
      <UniqueIdentifier>{bdaacb10-3528-4ca2-841c-a14942e014da}</UniqueIdentifier>
    </Filter>
    <Filter Include="Files\src\GameObject">
      <UniqueIdentifier>{5df1f3be-dd74-4710-82e9-ca315398be62}</UniqueIdentifier>
    </Filter>
    <Filter Include="Files\assets">
      <UniqueIdentifier>{3c9f027a-1e86-4e5a-84cc-3eec3a4b379d}</UniqueIdentifier>
    </Filter>
  </ItemGroup>
  <ItemGroup>
    <ClInclude Include="extra_math.h">
      <Filter>Files\includes</Filter>
    </ClInclude>
    <ClInclude Include="main.h">
      <Filter>Files\includes</Filter>
    </ClInclude>
    <ClInclude Include="r_window.h">
      <Filter>Files\includes</Filter>
    </ClInclude>
    <ClInclude Include="camera.h">
      <Filter>Files\includes</Filter>
    </ClInclude>
    <ClInclude Include="util.h">
      <Filter>Files\includes</Filter>
    </ClInclude>
    <ClInclude Include="idh.h">
      <Filter>Files\includes</Filter>
    </ClInclude>
    <ClInclude Include="GameObject.h">
      <Filter>Files\includes\GameObject</Filter>
    </ClInclude>
  </ItemGroup>
  <ItemGroup>
    <ClCompile Include="main.cpp">
      <Filter>Files\src</Filter>
    </ClCompile>
    <ClCompile Include="r_window.cpp">
      <Filter>Files\src</Filter>
    </ClCompile>
    <ClCompile Include="callbacks.h">
      <Filter>Files\includes</Filter>
    </ClCompile>
    <ClCompile Include="callbacks.cpp">
      <Filter>Files\src</Filter>
    </ClCompile>
    <ClCompile Include="util.cpp">
      <Filter>Files\src</Filter>
    </ClCompile>
    <ClCompile Include="idh.cpp">
      <Filter>Files\src</Filter>
    </ClCompile>
    <ClCompile Include="GameObject.cpp">
      <Filter>Files\src\GameObject</Filter>
    </ClCompile>
    <ClCompile Include="camera.cpp">
      <Filter>Files\src</Filter>
    </ClCompile>
  </ItemGroup>
</Project>